
Microsoft Visual Studio Solution File, Format Version 12.00
# Visual Studio Version 17
VisualStudioVersion = 17.13.35818.85 d17.13
MinimumVisualStudioVersion = 10.0.40219.1
Project("{FAE04EC0-301F-11D3-BF4B-00C04F79EFBC}") = "TicketFree", "TicketFree\TicketFree.csproj", "{7FC56A5B-6099-4F49-8684-D8FD847B988A}"
EndProject
Global
	GlobalSection(SolutionConfigurationPlatforms) = preSolution
		Debug|Any CPU = Debug|Any CPU
		Release|Any CPU = Release|Any CPU
	EndGlobalSection
	GlobalSection(ProjectConfigurationPlatforms) = postSolution
		{7FC56A5B-6099-4F49-8684-D8FD847B988A}.Debug|Any CPU.ActiveCfg = Debug|Any CPU
		{7FC56A5B-6099-4F49-8684-D8FD847B988A}.Debug|Any CPU.Build.0 = Debug|Any CPU
		{7FC56A5B-6099-4F49-8684-D8FD847B988A}.Release|Any CPU.ActiveCfg = Release|Any CPU
		{7FC56A5B-6099-4F49-8684-D8FD847B988A}.Release|Any CPU.Build.0 = Release|Any CPU
	EndGlobalSection
	GlobalSection(SolutionProperties) = preSolution
		HideSolutionNode = FALSE
	EndGlobalSection
	GlobalSection(ExtensibilityGlobals) = postSolution
		SolutionGuid = {B4A4DD0C-8D10-497E-87C6-2238B5DCE066}
	EndGlobalSection
EndGlobal
